// !$*UTF8*$!
{
	archiveVersion = 1;
	classes = {
	};
	objectVersion = 56;
	objects = {

/* Begin PBXBuildFile section */
		246F86B62BEC8371006FF1D0 /* AppDelegate.swift in Sources */ = {isa = PBXBuildFile; fileRef = 246F86B52BEC8371006FF1D0 /* AppDelegate.swift */; };
		246F86BF2BEC8375006FF1D0 /* Assets.xcassets in Resources */ = {isa = PBXBuildFile; fileRef = 246F86BE2BEC8375006FF1D0 /* Assets.xcassets */; };
		246F86C22BEC8375006FF1D0 /* LaunchScreen.storyboard in Resources */ = {isa = PBXBuildFile; fileRef = 246F86C02BEC8375006FF1D0 /* LaunchScreen.storyboard */; };
		246F86CC2BEC9B22006FF1D0 /* MainViewController.swift in Sources */ = {isa = PBXBuildFile; fileRef = 246F86CA2BEC9B22006FF1D0 /* MainViewController.swift */; };
		246F86CD2BEC9B22006FF1D0 /* MainViewController.xib in Resources */ = {isa = PBXBuildFile; fileRef = 246F86CB2BEC9B22006FF1D0 /* MainViewController.xib */; };
		246F86D62BECBEDE006FF1D0 /* MainViewController+TableView.swift in Sources */ = {isa = PBXBuildFile; fileRef = 246F86D52BECBEDE006FF1D0 /* MainViewController+TableView.swift */; };
		246F86D82BECD146006FF1D0 /* MainViewModel.swift in Sources */ = {isa = PBXBuildFile; fileRef = 246F86D72BECD146006FF1D0 /* MainViewModel.swift */; };
		246F86DA2BECD1DE006FF1D0 /* APICaller.swift in Sources */ = {isa = PBXBuildFile; fileRef = 246F86D92BECD1DE006FF1D0 /* APICaller.swift */; };
		246F86DC2BECD3F9006FF1D0 /* Users.swift in Sources */ = {isa = PBXBuildFile; fileRef = 246F86DB2BECD3F9006FF1D0 /* Users.swift */; };
		246F86DE2BECDA16006FF1D0 /* Observable.swift in Sources */ = {isa = PBXBuildFile; fileRef = 246F86DD2BECDA16006FF1D0 /* Observable.swift */; };
/* End PBXBuildFile section */

/* Begin PBXFileReference section */
		246F86B22BEC8371006FF1D0 /* usermvvm.app */ = {isa = PBXFileReference; explicitFileType = wrapper.application; includeInIndex = 0; path = usermvvm.app; sourceTree = BUILT_PRODUCTS_DIR; };
		246F86B52BEC8371006FF1D0 /* AppDelegate.swift */ = {isa = PBXFileReference; lastKnownFileType = sourcecode.swift; path = AppDelegate.swift; sourceTree = "<group>"; };
		246F86BE2BEC8375006FF1D0 /* Assets.xcassets */ = {isa = PBXFileReference; lastKnownFileType = folder.assetcatalog; path = Assets.xcassets; sourceTree = "<group>"; };
		246F86C12BEC8375006FF1D0 /* Base */ = {isa = PBXFileReference; lastKnownFileType = file.storyboard; name = Base; path = Base.lproj/LaunchScreen.storyboard; sourceTree = "<group>"; };
		246F86C32BEC8375006FF1D0 /* Info.plist */ = {isa = PBXFileReference; lastKnownFileType = text.plist.xml; path = Info.plist; sourceTree = "<group>"; };
		246F86CA2BEC9B22006FF1D0 /* MainViewController.swift */ = {isa = PBXFileReference; lastKnownFileType = sourcecode.swift; path = MainViewController.swift; sourceTree = "<group>"; };
		246F86CB2BEC9B22006FF1D0 /* MainViewController.xib */ = {isa = PBXFileReference; lastKnownFileType = file.xib; path = MainViewController.xib; sourceTree = "<group>"; };
		246F86D52BECBEDE006FF1D0 /* MainViewController+TableView.swift */ = {isa = PBXFileReference; lastKnownFileType = sourcecode.swift; path = "MainViewController+TableView.swift"; sourceTree = "<group>"; };
		246F86D72BECD146006FF1D0 /* MainViewModel.swift */ = {isa = PBXFileReference; lastKnownFileType = sourcecode.swift; path = MainViewModel.swift; sourceTree = "<group>"; };
		246F86D92BECD1DE006FF1D0 /* APICaller.swift */ = {isa = PBXFileReference; lastKnownFileType = sourcecode.swift; path = APICaller.swift; sourceTree = "<group>"; };
		246F86DB2BECD3F9006FF1D0 /* Users.swift */ = {isa = PBXFileReference; lastKnownFileType = sourcecode.swift; path = Users.swift; sourceTree = "<group>"; };
		246F86DD2BECDA16006FF1D0 /* Observable.swift */ = {isa = PBXFileReference; lastKnownFileType = sourcecode.swift; path = Observable.swift; sourceTree = "<group>"; };
/* End PBXFileReference section */

/* Begin PBXFrameworksBuildPhase section */
		246F86AF2BEC8371006FF1D0 /* Frameworks */ = {
			isa = PBXFrameworksBuildPhase;
			buildActionMask = 2147483647;
			files = (
			);
			runOnlyForDeploymentPostprocessing = 0;
		};
/* End PBXFrameworksBuildPhase section */

/* Begin PBXGroup section */
		246F86A92BEC8371006FF1D0 = {
			isa = PBXGroup;
			children = (
				246F86B42BEC8371006FF1D0 /* moviemvvm */,
				246F86B32BEC8371006FF1D0 /* Products */,
			);
			sourceTree = "<group>";
		};
		246F86B32BEC8371006FF1D0 /* Products */ = {
			isa = PBXGroup;
			children = (
				246F86B22BEC8371006FF1D0 /* usermvvm.app */,
			);
			name = Products;
			sourceTree = "<group>";
		};
		246F86B42BEC8371006FF1D0 /* moviemvvm */ = {
			isa = PBXGroup;
			children = (
				246F86D42BEC9D24006FF1D0 /* Networking */,
				246F86D32BEC9D1D006FF1D0 /* Extension */,
				246F86D22BEC9D14006FF1D0 /* Classes */,
				246F86D12BEC9D09006FF1D0 /* Resources */,
				246F86D02BEC9CFF006FF1D0 /* Model */,
				246F86CF2BEC9CF6006FF1D0 /* ViewModel */,
				246F86CE2BEC9CED006FF1D0 /* View */,
				246F86C92BEC9AF5006FF1D0 /* MainViewController */,
				246F86B52BEC8371006FF1D0 /* AppDelegate.swift */,
				246F86C02BEC8375006FF1D0 /* LaunchScreen.storyboard */,
				246F86C32BEC8375006FF1D0 /* Info.plist */,
			);
			path = moviemvvm;
			sourceTree = "<group>";
		};
		246F86C92BEC9AF5006FF1D0 /* MainViewController */ = {
			isa = PBXGroup;
			children = (
				246F86CA2BEC9B22006FF1D0 /* MainViewController.swift */,
				246F86CB2BEC9B22006FF1D0 /* MainViewController.xib */,
				246F86D52BECBEDE006FF1D0 /* MainViewController+TableView.swift */,
			);
			name = MainViewController;
			sourceTree = "<group>";
		};
		246F86CE2BEC9CED006FF1D0 /* View */ = {
			isa = PBXGroup;
			children = (
			);
			name = View;
			sourceTree = "<group>";
		};
		246F86CF2BEC9CF6006FF1D0 /* ViewModel */ = {
			isa = PBXGroup;
			children = (
				246F86D72BECD146006FF1D0 /* MainViewModel.swift */,
			);
			name = ViewModel;
			sourceTree = "<group>";
		};
		246F86D02BEC9CFF006FF1D0 /* Model */ = {
			isa = PBXGroup;
			children = (
				246F86DB2BECD3F9006FF1D0 /* Users.swift */,
			);
			name = Model;
			sourceTree = "<group>";
		};
		246F86D12BEC9D09006FF1D0 /* Resources */ = {
			isa = PBXGroup;
			children = (
				246F86BE2BEC8375006FF1D0 /* Assets.xcassets */,
			);
			name = Resources;
			sourceTree = "<group>";
		};
		246F86D22BEC9D14006FF1D0 /* Classes */ = {
			isa = PBXGroup;
			children = (
				246F86DD2BECDA16006FF1D0 /* Observable.swift */,
			);
			name = Classes;
			sourceTree = "<group>";
		};
		246F86D32BEC9D1D006FF1D0 /* Extension */ = {
			isa = PBXGroup;
			children = (
			);
			name = Extension;
			sourceTree = "<group>";
		};
		246F86D42BEC9D24006FF1D0 /* Networking */ = {
			isa = PBXGroup;
			children = (
				246F86D92BECD1DE006FF1D0 /* APICaller.swift */,
			);
			name = Networking;
			sourceTree = "<group>";
		};
/* End PBXGroup section */

/* Begin PBXNativeTarget section */
		246F86B12BEC8371006FF1D0 /* usermvvm */ = {
			isa = PBXNativeTarget;
			buildConfigurationList = 246F86C62BEC8375006FF1D0 /* Build configuration list for PBXNativeTarget "usermvvm" */;
			buildPhases = (
				246F86AE2BEC8371006FF1D0 /* Sources */,
				246F86AF2BEC8371006FF1D0 /* Frameworks */,
				246F86B02BEC8371006FF1D0 /* Resources */,
			);
			buildRules = (
			);
			dependencies = (
			);
			name = usermvvm;
			productName = moviemvvm;
			productReference = 246F86B22BEC8371006FF1D0 /* usermvvm.app */;
			productType = "com.apple.product-type.application";
		};
/* End PBXNativeTarget section */

/* Begin PBXProject section */
		246F86AA2BEC8371006FF1D0 /* Project object */ = {
			isa = PBXProject;
			attributes = {
				BuildIndependentTargetsInParallel = 1;
				LastSwiftUpdateCheck = 1510;
				LastUpgradeCheck = 1510;
				TargetAttributes = {
					246F86B12BEC8371006FF1D0 = {
						CreatedOnToolsVersion = 15.1;
					};
				};
			};
			buildConfigurationList = 246F86AD2BEC8371006FF1D0 /* Build configuration list for PBXProject "usermvvm" */;
			compatibilityVersion = "Xcode 14.0";
			developmentRegion = en;
			hasScannedForEncodings = 0;
			knownRegions = (
				en,
				Base,
			);
			mainGroup = 246F86A92BEC8371006FF1D0;
			productRefGroup = 246F86B32BEC8371006FF1D0 /* Products */;
			projectDirPath = "";
			projectRoot = "";
			targets = (
				246F86B12BEC8371006FF1D0 /* usermvvm */,
			);
		};
/* End PBXProject section */

/* Begin PBXResourcesBuildPhase section */
		246F86B02BEC8371006FF1D0 /* Resources */ = {
			isa = PBXResourcesBuildPhase;
			buildActionMask = 2147483647;
			files = (
				246F86C22BEC8375006FF1D0 /* LaunchScreen.storyboard in Resources */,
				246F86CD2BEC9B22006FF1D0 /* MainViewController.xib in Resources */,
				246F86BF2BEC8375006FF1D0 /* Assets.xcassets in Resources */,
			);
			runOnlyForDeploymentPostprocessing = 0;
		};
/* End PBXResourcesBuildPhase section */

/* Begin PBXSourcesBuildPhase section */
		246F86AE2BEC8371006FF1D0 /* Sources */ = {
			isa = PBXSourcesBuildPhase;
			buildActionMask = 2147483647;
			files = (
				246F86B62BEC8371006FF1D0 /* AppDelegate.swift in Sources */,
				246F86D62BECBEDE006FF1D0 /* MainViewController+TableView.swift in Sources */,
				246F86CC2BEC9B22006FF1D0 /* MainViewController.swift in Sources */,
				246F86DE2BECDA16006FF1D0 /* Observable.swift in Sources */,
				246F86DA2BECD1DE006FF1D0 /* APICaller.swift in Sources */,
				246F86DC2BECD3F9006FF1D0 /* Users.swift in Sources */,
				246F86D82BECD146006FF1D0 /* MainViewModel.swift in Sources */,
			);
			runOnlyForDeploymentPostprocessing = 0;
		};
/* End PBXSourcesBuildPhase section */

/* Begin PBXVariantGroup section */
		246F86C02BEC8375006FF1D0 /* LaunchScreen.storyboard */ = {
			isa = PBXVariantGroup;
			children = (
				246F86C12BEC8375006FF1D0 /* Base */,
			);
			name = LaunchScreen.storyboard;
			sourceTree = "<group>";
		};
/* End PBXVariantGroup section */

/* Begin XCBuildConfiguration section */
		246F86C42BEC8375006FF1D0 /* Debug */ = {
			isa = XCBuildConfiguration;
			buildSettings = {
				ALWAYS_SEARCH_USER_PATHS = NO;
				ASSETCATALOG_COMPILER_GENERATE_SWIFT_ASSET_SYMBOL_EXTENSIONS = YES;
				CLANG_ANALYZER_NONNULL = YES;
				CLANG_ANALYZER_NUMBER_OBJECT_CONVERSION = YES_AGGRESSIVE;
				CLANG_CXX_LANGUAGE_STANDARD = "gnu++20";
				CLANG_ENABLE_MODULES = YES;
				CLANG_ENABLE_OBJC_ARC = YES;
				CLANG_ENABLE_OBJC_WEAK = YES;
				CLANG_WARN_BLOCK_CAPTURE_AUTORELEASING = YES;
				CLANG_WARN_BOOL_CONVERSION = YES;
				CLANG_WARN_COMMA = YES;
				CLANG_WARN_CONSTANT_CONVERSION = YES;
				CLANG_WARN_DEPRECATED_OBJC_IMPLEMENTATIONS = YES;
				CLANG_WARN_DIRECT_OBJC_ISA_USAGE = YES_ERROR;
				CLANG_WARN_DOCUMENTATION_COMMENTS = YES;
				CLANG_WARN_EMPTY_BODY = YES;
				CLANG_WARN_ENUM_CONVERSION = YES;
				CLANG_WARN_INFINITE_RECURSION = YES;
				CLANG_WARN_INT_CONVERSION = YES;
				CLANG_WARN_NON_LITERAL_NULL_CONVERSION = YES;
				CLANG_WARN_OBJC_IMPLICIT_RETAIN_SELF = YES;
				CLANG_WARN_OBJC_LITERAL_CONVERSION = YES;
				CLANG_WARN_OBJC_ROOT_CLASS = YES_ERROR;
				CLANG_WARN_QUOTED_INCLUDE_IN_FRAMEWORK_HEADER = YES;
				CLANG_WARN_RANGE_LOOP_ANALYSIS = YES;
				CLANG_WARN_STRICT_PROTOTYPES = YES;
				CLANG_WARN_SUSPICIOUS_MOVE = YES;
				CLANG_WARN_UNGUARDED_AVAILABILITY = YES_AGGRESSIVE;
				CLANG_WARN_UNREACHABLE_CODE = YES;
				CLANG_WARN__DUPLICATE_METHOD_MATCH = YES;
				COPY_PHASE_STRIP = NO;
				DEBUG_INFORMATION_FORMAT = dwarf;
				ENABLE_STRICT_OBJC_MSGSEND = YES;
				ENABLE_TESTABILITY = YES;
				ENABLE_USER_SCRIPT_SANDBOXING = YES;
				GCC_C_LANGUAGE_STANDARD = gnu17;
				GCC_DYNAMIC_NO_PIC = NO;
				GCC_NO_COMMON_BLOCKS = YES;
				GCC_OPTIMIZATION_LEVEL = 0;
				GCC_PREPROCESSOR_DEFINITIONS = (
					"DEBUG=1",
					"$(inherited)",
				);
				GCC_WARN_64_TO_32_BIT_CONVERSION = YES;
				GCC_WARN_ABOUT_RETURN_TYPE = YES_ERROR;
				GCC_WARN_UNDECLARED_SELECTOR = YES;
				GCC_WARN_UNINITIALIZED_AUTOS = YES_AGGRESSIVE;
				GCC_WARN_UNUSED_FUNCTION = YES;
				GCC_WARN_UNUSED_VARIABLE = YES;
				IPHONEOS_DEPLOYMENT_TARGET = 15.0;
				LOCALIZATION_PREFERS_STRING_CATALOGS = YES;
				MTL_ENABLE_DEBUG_INFO = INCLUDE_SOURCE;
				MTL_FAST_MATH = YES;
				ONLY_ACTIVE_ARCH = YES;
				SDKROOT = iphoneos;
				SWIFT_ACTIVE_COMPILATION_CONDITIONS = "DEBUG $(inherited)";
				SWIFT_OPTIMIZATION_LEVEL = "-Onone";
			};
			name = Debug;
		};
		246F86C52BEC8375006FF1D0 /* Release */ = {
			isa = XCBuildConfiguration;
			buildSettings = {
				ALWAYS_SEARCH_USER_PATHS = NO;
				ASSETCATALOG_COMPILER_GENERATE_SWIFT_ASSET_SYMBOL_EXTENSIONS = YES;
				CLANG_ANALYZER_NONNULL = YES;
				CLANG_ANALYZER_NUMBER_OBJECT_CONVERSION = YES_AGGRESSIVE;
				CLANG_CXX_LANGUAGE_STANDARD = "gnu++20";
				CLANG_ENABLE_MODULES = YES;
				CLANG_ENABLE_OBJC_ARC = YES;
				CLANG_ENABLE_OBJC_WEAK = YES;
				CLANG_WARN_BLOCK_CAPTURE_AUTORELEASING = YES;
				CLANG_WARN_BOOL_CONVERSION = YES;
				CLANG_WARN_COMMA = YES;
				CLANG_WARN_CONSTANT_CONVERSION = YES;
				CLANG_WARN_DEPRECATED_OBJC_IMPLEMENTATIONS = YES;
				CLANG_WARN_DIRECT_OBJC_ISA_USAGE = YES_ERROR;
				CLANG_WARN_DOCUMENTATION_COMMENTS = YES;
				CLANG_WARN_EMPTY_BODY = YES;
				CLANG_WARN_ENUM_CONVERSION = YES;
				CLANG_WARN_INFINITE_RECURSION = YES;
				CLANG_WARN_INT_CONVERSION = YES;
				CLANG_WARN_NON_LITERAL_NULL_CONVERSION = YES;
				CLANG_WARN_OBJC_IMPLICIT_RETAIN_SELF = YES;
				CLANG_WARN_OBJC_LITERAL_CONVERSION = YES;
				CLANG_WARN_OBJC_ROOT_CLASS = YES_ERROR;
				CLANG_WARN_QUOTED_INCLUDE_IN_FRAMEWORK_HEADER = YES;
				CLANG_WARN_RANGE_LOOP_ANALYSIS = YES;
				CLANG_WARN_STRICT_PROTOTYPES = YES;
				CLANG_WARN_SUSPICIOUS_MOVE = YES;
				CLANG_WARN_UNGUARDED_AVAILABILITY = YES_AGGRESSIVE;
				CLANG_WARN_UNREACHABLE_CODE = YES;
				CLANG_WARN__DUPLICATE_METHOD_MATCH = YES;
				COPY_PHASE_STRIP = NO;
				DEBUG_INFORMATION_FORMAT = "dwarf-with-dsym";
				ENABLE_NS_ASSERTIONS = NO;
				ENABLE_STRICT_OBJC_MSGSEND = YES;
				ENABLE_USER_SCRIPT_SANDBOXING = YES;
				GCC_C_LANGUAGE_STANDARD = gnu17;
				GCC_NO_COMMON_BLOCKS = YES;
				GCC_WARN_64_TO_32_BIT_CONVERSION = YES;
				GCC_WARN_ABOUT_RETURN_TYPE = YES_ERROR;
				GCC_WARN_UNDECLARED_SELECTOR = YES;
				GCC_WARN_UNINITIALIZED_AUTOS = YES_AGGRESSIVE;
				GCC_WARN_UNUSED_FUNCTION = YES;
				GCC_WARN_UNUSED_VARIABLE = YES;
				IPHONEOS_DEPLOYMENT_TARGET = 15.0;
				LOCALIZATION_PREFERS_STRING_CATALOGS = YES;
				MTL_ENABLE_DEBUG_INFO = NO;
				MTL_FAST_MATH = YES;
				SDKROOT = iphoneos;
				SWIFT_COMPILATION_MODE = wholemodule;
				VALIDATE_PRODUCT = YES;
			};
			name = Release;
		};
		246F86C72BEC8375006FF1D0 /* Debug */ = {
			isa = XCBuildConfiguration;
			buildSettings = {
				ASSETCATALOG_COMPILER_APPICON_NAME = AppIcon;
				ASSETCATALOG_COMPILER_GLOBAL_ACCENT_COLOR_NAME = AccentColor;
				CODE_SIGN_STYLE = Automatic;
				CURRENT_PROJECT_VERSION = 1;
				GENERATE_INFOPLIST_FILE = YES;
				INFOPLIST_FILE = moviemvvm/Info.plist;
				INFOPLIST_KEY_UIApplicationSupportsIndirectInputEvents = YES;
				INFOPLIST_KEY_UILaunchStoryboardName = LaunchScreen;
				INFOPLIST_KEY_UIMainStoryboardFile = "";
				INFOPLIST_KEY_UISupportedInterfaceOrientations = UIInterfaceOrientationPortrait;
				INFOPLIST_KEY_UISupportedInterfaceOrientations_iPad = "UIInterfaceOrientationLandscapeLeft UIInterfaceOrientationLandscapeRight UIInterfaceOrientationPortrait UIInterfaceOrientationPortraitUpsideDown";
				IPHONEOS_DEPLOYMENT_TARGET = 15.5;
				LD_RUNPATH_SEARCH_PATHS = (
					"$(inherited)",
					"@executable_path/Frameworks",
				);
				MARKETING_VERSION = 1.0;
				PRODUCT_BUNDLE_IDENTIFIER = com.bd.xyz.moviemvvm;
				PRODUCT_NAME = "$(TARGET_NAME)";
				SUPPORTED_PLATFORMS = "iphoneos iphonesimulator";
				SUPPORTS_MACCATALYST = NO;
				SUPPORTS_MAC_DESIGNED_FOR_IPHONE_IPAD = NO;
				SWIFT_EMIT_LOC_STRINGS = YES;
				SWIFT_VERSION = 5.0;
				TARGETED_DEVICE_FAMILY = 1;
			};
			name = Debug;
		};
		246F86C82BEC8375006FF1D0 /* Release */ = {
			isa = XCBuildConfiguration;
			buildSettings = {
				ASSETCATALOG_COMPILER_APPICON_NAME = AppIcon;
				ASSETCATALOG_COMPILER_GLOBAL_ACCENT_COLOR_NAME = AccentColor;
				CODE_SIGN_STYLE = Automatic;
				CURRENT_PROJECT_VERSION = 1;
				GENERATE_INFOPLIST_FILE = YES;
				INFOPLIST_FILE = moviemvvm/Info.plist;
				INFOPLIST_KEY_UIApplicationSupportsIndirectInputEvents = YES;
				INFOPLIST_KEY_UILaunchStoryboardName = LaunchScreen;
				INFOPLIST_KEY_UIMainStoryboardFile = "";
				INFOPLIST_KEY_UISupportedInterfaceOrientations = UIInterfaceOrientationPortrait;
				INFOPLIST_KEY_UISupportedInterfaceOrientations_iPad = "UIInterfaceOrientationLandscapeLeft UIInterfaceOrientationLandscapeRight UIInterfaceOrientationPortrait UIInterfaceOrientationPortraitUpsideDown";
				IPHONEOS_DEPLOYMENT_TARGET = 15.5;
				LD_RUNPATH_SEARCH_PATHS = (
					"$(inherited)",
					"@executable_path/Frameworks",
				);
				MARKETING_VERSION = 1.0;
				PRODUCT_BUNDLE_IDENTIFIER = com.bd.xyz.moviemvvm;
				PRODUCT_NAME = "$(TARGET_NAME)";
				SUPPORTED_PLATFORMS = "iphoneos iphonesimulator";
				SUPPORTS_MACCATALYST = NO;
				SUPPORTS_MAC_DESIGNED_FOR_IPHONE_IPAD = NO;
				SWIFT_EMIT_LOC_STRINGS = YES;
				SWIFT_VERSION = 5.0;
				TARGETED_DEVICE_FAMILY = 1;
			};
			name = Release;
		};
/* End XCBuildConfiguration section */

/* Begin XCConfigurationList section */
		246F86AD2BEC8371006FF1D0 /* Build configuration list for PBXProject "usermvvm" */ = {
			isa = XCConfigurationList;
			buildConfigurations = (
				246F86C42BEC8375006FF1D0 /* Debug */,
				246F86C52BEC8375006FF1D0 /* Release */,
			);
			defaultConfigurationIsVisible = 0;
			defaultConfigurationName = Release;
		};
		246F86C62BEC8375006FF1D0 /* Build configuration list for PBXNativeTarget "usermvvm" */ = {
			isa = XCConfigurationList;
			buildConfigurations = (
				246F86C72BEC8375006FF1D0 /* Debug */,
				246F86C82BEC8375006FF1D0 /* Release */,
			);
			defaultConfigurationIsVisible = 0;
			defaultConfigurationName = Release;
		};
/* End XCConfigurationList section */
	};
	rootObject = 246F86AA2BEC8371006FF1D0 /* Project object */;
}
